
Microsoft Visual Studio Solution File, Format Version 12.00
# Visual Studio Version 17
VisualStudioVersion = 17.10.35013.160
MinimumVisualStudioVersion = 10.0.40219.1
Project("{9A19103F-16F7-4668-BE54-9A1E7A4F7556}") = "Task_manager", "Task_manager\Task_manager.csproj", "{1AF010BA-B8A8-4EE4-8E99-9339DB7F15B6}"
EndProject
Global
	GlobalSection(SolutionConfigurationPlatforms) = preSolution
		Debug|Any CPU = Debug|Any CPU
		Release|Any CPU = Release|Any CPU
	EndGlobalSection
	GlobalSection(ProjectConfigurationPlatforms) = postSolution
		{1AF010BA-B8A8-4EE4-8E99-9339DB7F15B6}.Debug|Any CPU.ActiveCfg = Debug|Any CPU
		{1AF010BA-B8A8-4EE4-8E99-9339DB7F15B6}.Debug|Any CPU.Build.0 = Debug|Any CPU
		{1AF010BA-B8A8-4EE4-8E99-9339DB7F15B6}.Release|Any CPU.ActiveCfg = Release|Any CPU
		{1AF010BA-B8A8-4EE4-8E99-9339DB7F15B6}.Release|Any CPU.Build.0 = Release|Any CPU
	EndGlobalSection
	GlobalSection(SolutionProperties) = preSolution
		HideSolutionNode = FALSE
	EndGlobalSection
	GlobalSection(ExtensibilityGlobals) = postSolution
		SolutionGuid = {57931752-DEAC-464B-BE8B-4414C3219568}
	EndGlobalSection
EndGlobal
